
Microsoft Visual Studio Solution File, Format Version 12.00
# Visual Studio Version 17
VisualStudioVersion = 17.1.32319.34
MinimumVisualStudioVersion = 10.0.40219.1
Project("{FAE04EC0-301F-11D3-BF4B-00C04F79EFBC}") = "T01.Scheduling", "T01.Scheduling\T01.Scheduling.csproj", "{EA2059AC-8E0E-4444-A78F-42826F1507A4}"
EndProject
Project("{FAE04EC0-301F-11D3-BF4B-00C04F79EFBC}") = "T02.Garden", "T02.Garden\T02.Garden.csproj", "{B7AE9DC2-A66F-473C-9050-218DF924C144}"
EndProject
Project("{FAE04EC0-301F-11D3-BF4B-00C04F79EFBC}") = "T03.Classroom", "T03.Classroom\T03.Classroom.csproj", "{CC4F4461-0D35-47E1-85C6-D04723588180}"
EndProject
Global
	GlobalSection(SolutionConfigurationPlatforms) = preSolution
		Debug|Any CPU = Debug|Any CPU
		Release|Any CPU = Release|Any CPU
	EndGlobalSection
	GlobalSection(ProjectConfigurationPlatforms) = postSolution
		{EA2059AC-8E0E-4444-A78F-42826F1507A4}.Debug|Any CPU.ActiveCfg = Debug|Any CPU
		{EA2059AC-8E0E-4444-A78F-42826F1507A4}.Debug|Any CPU.Build.0 = Debug|Any CPU
		{EA2059AC-8E0E-4444-A78F-42826F1507A4}.Release|Any CPU.ActiveCfg = Release|Any CPU
		{EA2059AC-8E0E-4444-A78F-42826F1507A4}.Release|Any CPU.Build.0 = Release|Any CPU
		{B7AE9DC2-A66F-473C-9050-218DF924C144}.Debug|Any CPU.ActiveCfg = Debug|Any CPU
		{B7AE9DC2-A66F-473C-9050-218DF924C144}.Debug|Any CPU.Build.0 = Debug|Any CPU
		{B7AE9DC2-A66F-473C-9050-218DF924C144}.Release|Any CPU.ActiveCfg = Release|Any CPU
		{B7AE9DC2-A66F-473C-9050-218DF924C144}.Release|Any CPU.Build.0 = Release|Any CPU
		{CC4F4461-0D35-47E1-85C6-D04723588180}.Debug|Any CPU.ActiveCfg = Debug|Any CPU
		{CC4F4461-0D35-47E1-85C6-D04723588180}.Debug|Any CPU.Build.0 = Debug|Any CPU
		{CC4F4461-0D35-47E1-85C6-D04723588180}.Release|Any CPU.ActiveCfg = Release|Any CPU
		{CC4F4461-0D35-47E1-85C6-D04723588180}.Release|Any CPU.Build.0 = Release|Any CPU
	EndGlobalSection
	GlobalSection(SolutionProperties) = preSolution
		HideSolutionNode = FALSE
	EndGlobalSection
	GlobalSection(ExtensibilityGlobals) = postSolution
		SolutionGuid = {1B17AE2C-972B-4D48-8F03-B2FAC7C1E436}
	EndGlobalSection
EndGlobal
