
Microsoft Visual Studio Solution File, Format Version 12.00
# Visual Studio Version 17
VisualStudioVersion = 17.1.32319.34
MinimumVisualStudioVersion = 10.0.40219.1
Project("{9A19103F-16F7-4668-BE54-9A1E7A4F7556}") = "IteratorsAndComparators", "T01.Library\IteratorsAndComparators.csproj", "{C6B0583C-E8C5-445F-8FDA-6BDBB2C32B5C}"
EndProject
Project("{FAE04EC0-301F-11D3-BF4B-00C04F79EFBC}") = "LibraryIteratorLab", "LibraryIteratorLab\LibraryIteratorLab.csproj", "{09CBF00B-7698-4431-8D8B-568FFE166634}"
EndProject
Global
	GlobalSection(SolutionConfigurationPlatforms) = preSolution
		Debug|Any CPU = Debug|Any CPU
		Release|Any CPU = Release|Any CPU
	EndGlobalSection
	GlobalSection(ProjectConfigurationPlatforms) = postSolution
		{C6B0583C-E8C5-445F-8FDA-6BDBB2C32B5C}.Debug|Any CPU.ActiveCfg = Debug|Any CPU
		{C6B0583C-E8C5-445F-8FDA-6BDBB2C32B5C}.Debug|Any CPU.Build.0 = Debug|Any CPU
		{C6B0583C-E8C5-445F-8FDA-6BDBB2C32B5C}.Release|Any CPU.ActiveCfg = Release|Any CPU
		{C6B0583C-E8C5-445F-8FDA-6BDBB2C32B5C}.Release|Any CPU.Build.0 = Release|Any CPU
		{09CBF00B-7698-4431-8D8B-568FFE166634}.Debug|Any CPU.ActiveCfg = Debug|Any CPU
		{09CBF00B-7698-4431-8D8B-568FFE166634}.Debug|Any CPU.Build.0 = Debug|Any CPU
		{09CBF00B-7698-4431-8D8B-568FFE166634}.Release|Any CPU.ActiveCfg = Release|Any CPU
		{09CBF00B-7698-4431-8D8B-568FFE166634}.Release|Any CPU.Build.0 = Release|Any CPU
	EndGlobalSection
	GlobalSection(SolutionProperties) = preSolution
		HideSolutionNode = FALSE
	EndGlobalSection
	GlobalSection(ExtensibilityGlobals) = postSolution
		SolutionGuid = {1057AA49-6325-497E-A003-36E2D5A766C8}
	EndGlobalSection
EndGlobal
