
Microsoft Visual Studio Solution File, Format Version 12.00
# Visual Studio Version 17
VisualStudioVersion = 17.1.32319.34
MinimumVisualStudioVersion = 10.0.40219.1
Project("{9A19103F-16F7-4668-BE54-9A1E7A4F7556}") = "T01.GenericBoxofString", "T01.GenericBoxofString\T01.GenericBoxofString.csproj", "{7106948C-9BAE-4528-B303-DC2D720E145A}"
EndProject
Project("{9A19103F-16F7-4668-BE54-9A1E7A4F7556}") = "T02.GenericBoxofInteger", "T02.GenericBoxofInteger\T02.GenericBoxofInteger.csproj", "{7B47DEE7-B139-4F08-968A-DC2E9E222E69}"
EndProject
Project("{9A19103F-16F7-4668-BE54-9A1E7A4F7556}") = "T03.GenericSwapMethodString", "T03.GenericSwapMethodString\T03.GenericSwapMethodString.csproj", "{D99DEA87-3B9C-4F05-AE62-EC38A248B72B}"
EndProject
Project("{FAE04EC0-301F-11D3-BF4B-00C04F79EFBC}") = "T04.GenericSwapMethodInteger", "T04.GenericSwapMethodInteger\T04.GenericSwapMethodInteger.csproj", "{49B8C23E-33AD-430F-867D-4DC8193C8492}"
EndProject
Project("{FAE04EC0-301F-11D3-BF4B-00C04F79EFBC}") = "T05.GenericCountMethodString", "T05.GenericCountMethodString\T05.GenericCountMethodString.csproj", "{330F5F48-7BDA-4AC4-8D7D-6CE0FB2EEAEE}"
EndProject
Project("{FAE04EC0-301F-11D3-BF4B-00C04F79EFBC}") = "T06.GenericCountMethodDouble", "T06.GenericCountMethodDouble\T06.GenericCountMethodDouble.csproj", "{A2D9082E-16FF-479D-8BB9-554B0485C756}"
EndProject
Project("{FAE04EC0-301F-11D3-BF4B-00C04F79EFBC}") = "T07.Tuple", "T07.Tuple\T07.Tuple.csproj", "{DEDCC3EF-590A-4B63-9400-1D8EB058972D}"
EndProject
Project("{FAE04EC0-301F-11D3-BF4B-00C04F79EFBC}") = "T08.Threeuple", "T08.Threeuple\T08.Threeuple.csproj", "{52D86B29-FDF8-49D8-B4C8-F58D56ED565C}"
EndProject
Global
	GlobalSection(SolutionConfigurationPlatforms) = preSolution
		Debug|Any CPU = Debug|Any CPU
		Release|Any CPU = Release|Any CPU
	EndGlobalSection
	GlobalSection(ProjectConfigurationPlatforms) = postSolution
		{7106948C-9BAE-4528-B303-DC2D720E145A}.Debug|Any CPU.ActiveCfg = Debug|Any CPU
		{7106948C-9BAE-4528-B303-DC2D720E145A}.Debug|Any CPU.Build.0 = Debug|Any CPU
		{7106948C-9BAE-4528-B303-DC2D720E145A}.Release|Any CPU.ActiveCfg = Release|Any CPU
		{7106948C-9BAE-4528-B303-DC2D720E145A}.Release|Any CPU.Build.0 = Release|Any CPU
		{7B47DEE7-B139-4F08-968A-DC2E9E222E69}.Debug|Any CPU.ActiveCfg = Debug|Any CPU
		{7B47DEE7-B139-4F08-968A-DC2E9E222E69}.Debug|Any CPU.Build.0 = Debug|Any CPU
		{7B47DEE7-B139-4F08-968A-DC2E9E222E69}.Release|Any CPU.ActiveCfg = Release|Any CPU
		{7B47DEE7-B139-4F08-968A-DC2E9E222E69}.Release|Any CPU.Build.0 = Release|Any CPU
		{D99DEA87-3B9C-4F05-AE62-EC38A248B72B}.Debug|Any CPU.ActiveCfg = Debug|Any CPU
		{D99DEA87-3B9C-4F05-AE62-EC38A248B72B}.Debug|Any CPU.Build.0 = Debug|Any CPU
		{D99DEA87-3B9C-4F05-AE62-EC38A248B72B}.Release|Any CPU.ActiveCfg = Release|Any CPU
		{D99DEA87-3B9C-4F05-AE62-EC38A248B72B}.Release|Any CPU.Build.0 = Release|Any CPU
		{49B8C23E-33AD-430F-867D-4DC8193C8492}.Debug|Any CPU.ActiveCfg = Debug|Any CPU
		{49B8C23E-33AD-430F-867D-4DC8193C8492}.Debug|Any CPU.Build.0 = Debug|Any CPU
		{49B8C23E-33AD-430F-867D-4DC8193C8492}.Release|Any CPU.ActiveCfg = Release|Any CPU
		{49B8C23E-33AD-430F-867D-4DC8193C8492}.Release|Any CPU.Build.0 = Release|Any CPU
		{330F5F48-7BDA-4AC4-8D7D-6CE0FB2EEAEE}.Debug|Any CPU.ActiveCfg = Debug|Any CPU
		{330F5F48-7BDA-4AC4-8D7D-6CE0FB2EEAEE}.Debug|Any CPU.Build.0 = Debug|Any CPU
		{330F5F48-7BDA-4AC4-8D7D-6CE0FB2EEAEE}.Release|Any CPU.ActiveCfg = Release|Any CPU
		{330F5F48-7BDA-4AC4-8D7D-6CE0FB2EEAEE}.Release|Any CPU.Build.0 = Release|Any CPU
		{A2D9082E-16FF-479D-8BB9-554B0485C756}.Debug|Any CPU.ActiveCfg = Debug|Any CPU
		{A2D9082E-16FF-479D-8BB9-554B0485C756}.Debug|Any CPU.Build.0 = Debug|Any CPU
		{A2D9082E-16FF-479D-8BB9-554B0485C756}.Release|Any CPU.ActiveCfg = Release|Any CPU
		{A2D9082E-16FF-479D-8BB9-554B0485C756}.Release|Any CPU.Build.0 = Release|Any CPU
		{DEDCC3EF-590A-4B63-9400-1D8EB058972D}.Debug|Any CPU.ActiveCfg = Debug|Any CPU
		{DEDCC3EF-590A-4B63-9400-1D8EB058972D}.Debug|Any CPU.Build.0 = Debug|Any CPU
		{DEDCC3EF-590A-4B63-9400-1D8EB058972D}.Release|Any CPU.ActiveCfg = Release|Any CPU
		{DEDCC3EF-590A-4B63-9400-1D8EB058972D}.Release|Any CPU.Build.0 = Release|Any CPU
		{52D86B29-FDF8-49D8-B4C8-F58D56ED565C}.Debug|Any CPU.ActiveCfg = Debug|Any CPU
		{52D86B29-FDF8-49D8-B4C8-F58D56ED565C}.Debug|Any CPU.Build.0 = Debug|Any CPU
		{52D86B29-FDF8-49D8-B4C8-F58D56ED565C}.Release|Any CPU.ActiveCfg = Release|Any CPU
		{52D86B29-FDF8-49D8-B4C8-F58D56ED565C}.Release|Any CPU.Build.0 = Release|Any CPU
	EndGlobalSection
	GlobalSection(SolutionProperties) = preSolution
		HideSolutionNode = FALSE
	EndGlobalSection
	GlobalSection(ExtensibilityGlobals) = postSolution
		SolutionGuid = {682792D6-42C7-4F99-A155-8C5F06A4B9AE}
	EndGlobalSection
EndGlobal
