
Microsoft Visual Studio Solution File, Format Version 12.00
# Visual Studio Version 17
VisualStudioVersion = 17.1.32319.34
MinimumVisualStudioVersion = 10.0.40219.1
Project("{FAE04EC0-301F-11D3-BF4B-00C04F79EFBC}") = "T01.GenericBoxofString", "T01.GenericBoxofString\T01.GenericBoxofString.csproj", "{7106948C-9BAE-4528-B303-DC2D720E145A}"
EndProject
Project("{FAE04EC0-301F-11D3-BF4B-00C04F79EFBC}") = "T02.GenericBoxofInteger", "T02.GenericBoxofInteger\T02.GenericBoxofInteger.csproj", "{7B47DEE7-B139-4F08-968A-DC2E9E222E69}"
EndProject
Global
	GlobalSection(SolutionConfigurationPlatforms) = preSolution
		Debug|Any CPU = Debug|Any CPU
		Release|Any CPU = Release|Any CPU
	EndGlobalSection
	GlobalSection(ProjectConfigurationPlatforms) = postSolution
		{7106948C-9BAE-4528-B303-DC2D720E145A}.Debug|Any CPU.ActiveCfg = Debug|Any CPU
		{7106948C-9BAE-4528-B303-DC2D720E145A}.Debug|Any CPU.Build.0 = Debug|Any CPU
		{7106948C-9BAE-4528-B303-DC2D720E145A}.Release|Any CPU.ActiveCfg = Release|Any CPU
		{7106948C-9BAE-4528-B303-DC2D720E145A}.Release|Any CPU.Build.0 = Release|Any CPU
		{7B47DEE7-B139-4F08-968A-DC2E9E222E69}.Debug|Any CPU.ActiveCfg = Debug|Any CPU
		{7B47DEE7-B139-4F08-968A-DC2E9E222E69}.Debug|Any CPU.Build.0 = Debug|Any CPU
		{7B47DEE7-B139-4F08-968A-DC2E9E222E69}.Release|Any CPU.ActiveCfg = Release|Any CPU
		{7B47DEE7-B139-4F08-968A-DC2E9E222E69}.Release|Any CPU.Build.0 = Release|Any CPU
	EndGlobalSection
	GlobalSection(SolutionProperties) = preSolution
		HideSolutionNode = FALSE
	EndGlobalSection
	GlobalSection(ExtensibilityGlobals) = postSolution
		SolutionGuid = {682792D6-42C7-4F99-A155-8C5F06A4B9AE}
	EndGlobalSection
EndGlobal
