
Microsoft Visual Studio Solution File, Format Version 12.00
# Visual Studio Version 16
VisualStudioVersion = 16.0.31613.86
MinimumVisualStudioVersion = 10.0.40219.1
Project("{FAE04EC0-301F-11D3-BF4B-00C04F79EFBC}") = "Read Text", "Read Text\Read Text.csproj", "{9A6A28A2-4F54-4E1C-B2B8-EA7D31034DA6}"
EndProject
Project("{FAE04EC0-301F-11D3-BF4B-00C04F79EFBC}") = "password", "password\password.csproj", "{A15FDC1E-A9E4-4D3C-A00F-919CECF1F656}"
EndProject
Project("{FAE04EC0-301F-11D3-BF4B-00C04F79EFBC}") = "Sum Numbers", "Sum Numbers\Sum Numbers.csproj", "{A4BF2F0B-7B26-4041-BED7-0AEF4EA1B627}"
EndProject
Project("{FAE04EC0-301F-11D3-BF4B-00C04F79EFBC}") = "Account Balance", "Account Balance\Account Balance.csproj", "{3F2AAD45-C30A-4476-911A-6D1C1EE96852}"
EndProject
Project("{FAE04EC0-301F-11D3-BF4B-00C04F79EFBC}") = "Graduation", "Graduation\Graduation.csproj", "{50404852-50F5-48B5-AEEA-B4311CC152FC}"
EndProject
Project("{FAE04EC0-301F-11D3-BF4B-00C04F79EFBC}") = "Sequence 2k+1", "Sequence 2k+1\Sequence 2k+1.csproj", "{3DC10577-5D4F-4F12-B415-E82ACB0433A2}"
EndProject
Project("{FAE04EC0-301F-11D3-BF4B-00C04F79EFBC}") = "Max Number", "Max Number\Max Number.csproj", "{3982CAAF-8A99-4A14-8E5F-AEDAB6F0E60D}"
EndProject
Project("{FAE04EC0-301F-11D3-BF4B-00C04F79EFBC}") = "Min Number", "Min Number\Min Number.csproj", "{9497B84F-81A5-4B63-BD22-0B39AEFFE437}"
EndProject
Global
	GlobalSection(SolutionConfigurationPlatforms) = preSolution
		Debug|Any CPU = Debug|Any CPU
		Release|Any CPU = Release|Any CPU
	EndGlobalSection
	GlobalSection(ProjectConfigurationPlatforms) = postSolution
		{9A6A28A2-4F54-4E1C-B2B8-EA7D31034DA6}.Debug|Any CPU.ActiveCfg = Debug|Any CPU
		{9A6A28A2-4F54-4E1C-B2B8-EA7D31034DA6}.Debug|Any CPU.Build.0 = Debug|Any CPU
		{9A6A28A2-4F54-4E1C-B2B8-EA7D31034DA6}.Release|Any CPU.ActiveCfg = Release|Any CPU
		{9A6A28A2-4F54-4E1C-B2B8-EA7D31034DA6}.Release|Any CPU.Build.0 = Release|Any CPU
		{A15FDC1E-A9E4-4D3C-A00F-919CECF1F656}.Debug|Any CPU.ActiveCfg = Debug|Any CPU
		{A15FDC1E-A9E4-4D3C-A00F-919CECF1F656}.Debug|Any CPU.Build.0 = Debug|Any CPU
		{A15FDC1E-A9E4-4D3C-A00F-919CECF1F656}.Release|Any CPU.ActiveCfg = Release|Any CPU
		{A15FDC1E-A9E4-4D3C-A00F-919CECF1F656}.Release|Any CPU.Build.0 = Release|Any CPU
		{A4BF2F0B-7B26-4041-BED7-0AEF4EA1B627}.Debug|Any CPU.ActiveCfg = Debug|Any CPU
		{A4BF2F0B-7B26-4041-BED7-0AEF4EA1B627}.Debug|Any CPU.Build.0 = Debug|Any CPU
		{A4BF2F0B-7B26-4041-BED7-0AEF4EA1B627}.Release|Any CPU.ActiveCfg = Release|Any CPU
		{A4BF2F0B-7B26-4041-BED7-0AEF4EA1B627}.Release|Any CPU.Build.0 = Release|Any CPU
		{3F2AAD45-C30A-4476-911A-6D1C1EE96852}.Debug|Any CPU.ActiveCfg = Debug|Any CPU
		{3F2AAD45-C30A-4476-911A-6D1C1EE96852}.Debug|Any CPU.Build.0 = Debug|Any CPU
		{3F2AAD45-C30A-4476-911A-6D1C1EE96852}.Release|Any CPU.ActiveCfg = Release|Any CPU
		{3F2AAD45-C30A-4476-911A-6D1C1EE96852}.Release|Any CPU.Build.0 = Release|Any CPU
		{50404852-50F5-48B5-AEEA-B4311CC152FC}.Debug|Any CPU.ActiveCfg = Debug|Any CPU
		{50404852-50F5-48B5-AEEA-B4311CC152FC}.Debug|Any CPU.Build.0 = Debug|Any CPU
		{50404852-50F5-48B5-AEEA-B4311CC152FC}.Release|Any CPU.ActiveCfg = Release|Any CPU
		{50404852-50F5-48B5-AEEA-B4311CC152FC}.Release|Any CPU.Build.0 = Release|Any CPU
		{3DC10577-5D4F-4F12-B415-E82ACB0433A2}.Debug|Any CPU.ActiveCfg = Debug|Any CPU
		{3DC10577-5D4F-4F12-B415-E82ACB0433A2}.Debug|Any CPU.Build.0 = Debug|Any CPU
		{3DC10577-5D4F-4F12-B415-E82ACB0433A2}.Release|Any CPU.ActiveCfg = Release|Any CPU
		{3DC10577-5D4F-4F12-B415-E82ACB0433A2}.Release|Any CPU.Build.0 = Release|Any CPU
		{3982CAAF-8A99-4A14-8E5F-AEDAB6F0E60D}.Debug|Any CPU.ActiveCfg = Debug|Any CPU
		{3982CAAF-8A99-4A14-8E5F-AEDAB6F0E60D}.Debug|Any CPU.Build.0 = Debug|Any CPU
		{3982CAAF-8A99-4A14-8E5F-AEDAB6F0E60D}.Release|Any CPU.ActiveCfg = Release|Any CPU
		{3982CAAF-8A99-4A14-8E5F-AEDAB6F0E60D}.Release|Any CPU.Build.0 = Release|Any CPU
		{9497B84F-81A5-4B63-BD22-0B39AEFFE437}.Debug|Any CPU.ActiveCfg = Debug|Any CPU
		{9497B84F-81A5-4B63-BD22-0B39AEFFE437}.Debug|Any CPU.Build.0 = Debug|Any CPU
		{9497B84F-81A5-4B63-BD22-0B39AEFFE437}.Release|Any CPU.ActiveCfg = Release|Any CPU
		{9497B84F-81A5-4B63-BD22-0B39AEFFE437}.Release|Any CPU.Build.0 = Release|Any CPU
	EndGlobalSection
	GlobalSection(SolutionProperties) = preSolution
		HideSolutionNode = FALSE
	EndGlobalSection
	GlobalSection(ExtensibilityGlobals) = postSolution
		SolutionGuid = {0EA8212E-4DE0-4F59-9622-97739A7DE42D}
	EndGlobalSection
EndGlobal
