
Microsoft Visual Studio Solution File, Format Version 12.00
# Visual Studio Version 17
VisualStudioVersion = 17.5.33530.505
MinimumVisualStudioVersion = 10.0.40219.1
Project("{FAE04EC0-301F-11D3-BF4B-00C04F79EFBC}") = "GotvachBgScrapping", "GotvachBgScrapping\GotvachBgScrapping.csproj", "{BE410D4B-4F9F-4611-BB4E-7D3F7CA73DA8}"
EndProject
Global
	GlobalSection(SolutionConfigurationPlatforms) = preSolution
		Debug|Any CPU = Debug|Any CPU
		Release|Any CPU = Release|Any CPU
	EndGlobalSection
	GlobalSection(ProjectConfigurationPlatforms) = postSolution
		{BE410D4B-4F9F-4611-BB4E-7D3F7CA73DA8}.Debug|Any CPU.ActiveCfg = Debug|Any CPU
		{BE410D4B-4F9F-4611-BB4E-7D3F7CA73DA8}.Debug|Any CPU.Build.0 = Debug|Any CPU
		{BE410D4B-4F9F-4611-BB4E-7D3F7CA73DA8}.Release|Any CPU.ActiveCfg = Release|Any CPU
		{BE410D4B-4F9F-4611-BB4E-7D3F7CA73DA8}.Release|Any CPU.Build.0 = Release|Any CPU
	EndGlobalSection
	GlobalSection(SolutionProperties) = preSolution
		HideSolutionNode = FALSE
	EndGlobalSection
	GlobalSection(ExtensibilityGlobals) = postSolution
		SolutionGuid = {3AAFA22A-5366-4A0D-BCF5-D7195B712959}
	EndGlobalSection
EndGlobal
