
Microsoft Visual Studio Solution File, Format Version 12.00
# Visual Studio Version 17
VisualStudioVersion = 17.0.32112.339
MinimumVisualStudioVersion = 10.0.40219.1
Project("{FAE04EC0-301F-11D3-BF4B-00C04F79EFBC}") = "T01.ReverseStrings", "T01.ReverseStrings\T01.ReverseStrings.csproj", "{33C72B34-95DE-47DD-A999-D112248BD7CC}"
EndProject
Project("{FAE04EC0-301F-11D3-BF4B-00C04F79EFBC}") = "T02.RepeatStrings", "T02.RepeatStrings\T02.RepeatStrings.csproj", "{4FD9BE86-642F-4169-8BC6-C4995113AEE3}"
EndProject
Project("{FAE04EC0-301F-11D3-BF4B-00C04F79EFBC}") = "T03.Substring", "T03.Substring\T03.Substring.csproj", "{36E85DA1-C2A0-4243-9371-BF452B584A28}"
EndProject
Project("{FAE04EC0-301F-11D3-BF4B-00C04F79EFBC}") = "T04.TextFilter", "T04.TextFilter\T04.TextFilter.csproj", "{53167AA7-24B6-4D21-BF8A-2781AC9AD62C}"
EndProject
Project("{FAE04EC0-301F-11D3-BF4B-00C04F79EFBC}") = "T05.Digits,LettersandOther", "T05.Digits,LettersandOther\T05.Digits,LettersandOther.csproj", "{3F0677FF-3905-460C-B05D-CDA972DAB8A9}"
EndProject
Global
	GlobalSection(SolutionConfigurationPlatforms) = preSolution
		Debug|Any CPU = Debug|Any CPU
		Release|Any CPU = Release|Any CPU
	EndGlobalSection
	GlobalSection(ProjectConfigurationPlatforms) = postSolution
		{33C72B34-95DE-47DD-A999-D112248BD7CC}.Debug|Any CPU.ActiveCfg = Debug|Any CPU
		{33C72B34-95DE-47DD-A999-D112248BD7CC}.Debug|Any CPU.Build.0 = Debug|Any CPU
		{33C72B34-95DE-47DD-A999-D112248BD7CC}.Release|Any CPU.ActiveCfg = Release|Any CPU
		{33C72B34-95DE-47DD-A999-D112248BD7CC}.Release|Any CPU.Build.0 = Release|Any CPU
		{4FD9BE86-642F-4169-8BC6-C4995113AEE3}.Debug|Any CPU.ActiveCfg = Debug|Any CPU
		{4FD9BE86-642F-4169-8BC6-C4995113AEE3}.Debug|Any CPU.Build.0 = Debug|Any CPU
		{4FD9BE86-642F-4169-8BC6-C4995113AEE3}.Release|Any CPU.ActiveCfg = Release|Any CPU
		{4FD9BE86-642F-4169-8BC6-C4995113AEE3}.Release|Any CPU.Build.0 = Release|Any CPU
		{36E85DA1-C2A0-4243-9371-BF452B584A28}.Debug|Any CPU.ActiveCfg = Debug|Any CPU
		{36E85DA1-C2A0-4243-9371-BF452B584A28}.Debug|Any CPU.Build.0 = Debug|Any CPU
		{36E85DA1-C2A0-4243-9371-BF452B584A28}.Release|Any CPU.ActiveCfg = Release|Any CPU
		{36E85DA1-C2A0-4243-9371-BF452B584A28}.Release|Any CPU.Build.0 = Release|Any CPU
		{53167AA7-24B6-4D21-BF8A-2781AC9AD62C}.Debug|Any CPU.ActiveCfg = Debug|Any CPU
		{53167AA7-24B6-4D21-BF8A-2781AC9AD62C}.Debug|Any CPU.Build.0 = Debug|Any CPU
		{53167AA7-24B6-4D21-BF8A-2781AC9AD62C}.Release|Any CPU.ActiveCfg = Release|Any CPU
		{53167AA7-24B6-4D21-BF8A-2781AC9AD62C}.Release|Any CPU.Build.0 = Release|Any CPU
		{3F0677FF-3905-460C-B05D-CDA972DAB8A9}.Debug|Any CPU.ActiveCfg = Debug|Any CPU
		{3F0677FF-3905-460C-B05D-CDA972DAB8A9}.Debug|Any CPU.Build.0 = Debug|Any CPU
		{3F0677FF-3905-460C-B05D-CDA972DAB8A9}.Release|Any CPU.ActiveCfg = Release|Any CPU
		{3F0677FF-3905-460C-B05D-CDA972DAB8A9}.Release|Any CPU.Build.0 = Release|Any CPU
	EndGlobalSection
	GlobalSection(SolutionProperties) = preSolution
		HideSolutionNode = FALSE
	EndGlobalSection
	GlobalSection(ExtensibilityGlobals) = postSolution
		SolutionGuid = {B083C9A4-03B0-4BE2-A375-C331248F1607}
	EndGlobalSection
EndGlobal
