
Microsoft Visual Studio Solution File, Format Version 12.00
# Visual Studio Version 17
VisualStudioVersion = 17.1.32319.34
MinimumVisualStudioVersion = 10.0.40219.1
Project("{9A19103F-16F7-4668-BE54-9A1E7A4F7556}") = "T01.RecursiveArraySum", "Ш01.RecursiveArraySum\T01.RecursiveArraySum.csproj", "{A13D2F0F-BB7A-442A-8261-A3F4EEB19BBD}"
EndProject
Project("{9A19103F-16F7-4668-BE54-9A1E7A4F7556}") = "T02.RecursiveFactorial", "T02.RecursiveFactorial\T02.RecursiveFactorial.csproj", "{5D00108C-05A9-4E46-97C4-BF1200C1A588}"
EndProject
Project("{9A19103F-16F7-4668-BE54-9A1E7A4F7556}") = "T03.SumofCoins", "T03.SumofCoins\T03.SumofCoins.csproj", "{FBD7D3FF-142C-482B-B278-C7B830953B9D}"
EndProject
Project("{FAE04EC0-301F-11D3-BF4B-00C04F79EFBC}") = "T04.SetCover", "T04.SetCover\T04.SetCover.csproj", "{B6FF055B-EA04-4E73-85C5-23080B527DDB}"
EndProject
Global
	GlobalSection(SolutionConfigurationPlatforms) = preSolution
		Debug|Any CPU = Debug|Any CPU
		Release|Any CPU = Release|Any CPU
	EndGlobalSection
	GlobalSection(ProjectConfigurationPlatforms) = postSolution
		{A13D2F0F-BB7A-442A-8261-A3F4EEB19BBD}.Debug|Any CPU.ActiveCfg = Debug|Any CPU
		{A13D2F0F-BB7A-442A-8261-A3F4EEB19BBD}.Debug|Any CPU.Build.0 = Debug|Any CPU
		{A13D2F0F-BB7A-442A-8261-A3F4EEB19BBD}.Release|Any CPU.ActiveCfg = Release|Any CPU
		{A13D2F0F-BB7A-442A-8261-A3F4EEB19BBD}.Release|Any CPU.Build.0 = Release|Any CPU
		{5D00108C-05A9-4E46-97C4-BF1200C1A588}.Debug|Any CPU.ActiveCfg = Debug|Any CPU
		{5D00108C-05A9-4E46-97C4-BF1200C1A588}.Debug|Any CPU.Build.0 = Debug|Any CPU
		{5D00108C-05A9-4E46-97C4-BF1200C1A588}.Release|Any CPU.ActiveCfg = Release|Any CPU
		{5D00108C-05A9-4E46-97C4-BF1200C1A588}.Release|Any CPU.Build.0 = Release|Any CPU
		{FBD7D3FF-142C-482B-B278-C7B830953B9D}.Debug|Any CPU.ActiveCfg = Debug|Any CPU
		{FBD7D3FF-142C-482B-B278-C7B830953B9D}.Debug|Any CPU.Build.0 = Debug|Any CPU
		{FBD7D3FF-142C-482B-B278-C7B830953B9D}.Release|Any CPU.ActiveCfg = Release|Any CPU
		{FBD7D3FF-142C-482B-B278-C7B830953B9D}.Release|Any CPU.Build.0 = Release|Any CPU
		{B6FF055B-EA04-4E73-85C5-23080B527DDB}.Debug|Any CPU.ActiveCfg = Debug|Any CPU
		{B6FF055B-EA04-4E73-85C5-23080B527DDB}.Debug|Any CPU.Build.0 = Debug|Any CPU
		{B6FF055B-EA04-4E73-85C5-23080B527DDB}.Release|Any CPU.ActiveCfg = Release|Any CPU
		{B6FF055B-EA04-4E73-85C5-23080B527DDB}.Release|Any CPU.Build.0 = Release|Any CPU
	EndGlobalSection
	GlobalSection(SolutionProperties) = preSolution
		HideSolutionNode = FALSE
	EndGlobalSection
	GlobalSection(ExtensibilityGlobals) = postSolution
		SolutionGuid = {E2CE0406-0AB3-4428-8F88-4ABB8321E39A}
	EndGlobalSection
EndGlobal
