
Microsoft Visual Studio Solution File, Format Version 12.00
# Visual Studio Version 17
VisualStudioVersion = 17.1.32319.34
MinimumVisualStudioVersion = 10.0.40219.1
Project("{FAE04EC0-301F-11D3-BF4B-00C04F79EFBC}") = "T01.SecretChat", "T01.SecretChat\T01.SecretChat.csproj", "{0966A0B9-083C-46BE-8F40-E5B4A74281FB}"
EndProject
Project("{FAE04EC0-301F-11D3-BF4B-00C04F79EFBC}") = "T02.MirrorWords", "T02.MirrorWords\T02.MirrorWords.csproj", "{2E5F7F35-0B3F-411B-B4AB-67D5B8886D6C}"
EndProject
Project("{FAE04EC0-301F-11D3-BF4B-00C04F79EFBC}") = "T03.NeedforSpeedIII", "T03.NeedforSpeedIII\T03.NeedforSpeedIII.csproj", "{14470E90-C534-4799-9255-E2E2E131CA4E}"
EndProject
Global
	GlobalSection(SolutionConfigurationPlatforms) = preSolution
		Debug|Any CPU = Debug|Any CPU
		Release|Any CPU = Release|Any CPU
	EndGlobalSection
	GlobalSection(ProjectConfigurationPlatforms) = postSolution
		{0966A0B9-083C-46BE-8F40-E5B4A74281FB}.Debug|Any CPU.ActiveCfg = Debug|Any CPU
		{0966A0B9-083C-46BE-8F40-E5B4A74281FB}.Debug|Any CPU.Build.0 = Debug|Any CPU
		{0966A0B9-083C-46BE-8F40-E5B4A74281FB}.Release|Any CPU.ActiveCfg = Release|Any CPU
		{0966A0B9-083C-46BE-8F40-E5B4A74281FB}.Release|Any CPU.Build.0 = Release|Any CPU
		{2E5F7F35-0B3F-411B-B4AB-67D5B8886D6C}.Debug|Any CPU.ActiveCfg = Debug|Any CPU
		{2E5F7F35-0B3F-411B-B4AB-67D5B8886D6C}.Debug|Any CPU.Build.0 = Debug|Any CPU
		{2E5F7F35-0B3F-411B-B4AB-67D5B8886D6C}.Release|Any CPU.ActiveCfg = Release|Any CPU
		{2E5F7F35-0B3F-411B-B4AB-67D5B8886D6C}.Release|Any CPU.Build.0 = Release|Any CPU
		{14470E90-C534-4799-9255-E2E2E131CA4E}.Debug|Any CPU.ActiveCfg = Debug|Any CPU
		{14470E90-C534-4799-9255-E2E2E131CA4E}.Debug|Any CPU.Build.0 = Debug|Any CPU
		{14470E90-C534-4799-9255-E2E2E131CA4E}.Release|Any CPU.ActiveCfg = Release|Any CPU
		{14470E90-C534-4799-9255-E2E2E131CA4E}.Release|Any CPU.Build.0 = Release|Any CPU
	EndGlobalSection
	GlobalSection(SolutionProperties) = preSolution
		HideSolutionNode = FALSE
	EndGlobalSection
	GlobalSection(ExtensibilityGlobals) = postSolution
		SolutionGuid = {5065A401-DC78-4C78-A5A9-B8D86A4721E1}
	EndGlobalSection
EndGlobal
