
Microsoft Visual Studio Solution File, Format Version 12.00
# Visual Studio Version 16
VisualStudioVersion = 16.0.32002.261
MinimumVisualStudioVersion = 10.0.40219.1
Project("{FAE04EC0-301F-11D3-BF4B-00C04F79EFBC}") = "01.RandomizeWords - sept 21", "01.RandomizeWords - sept 21\01.RandomizeWords - sept 21.csproj", "{70BA73EB-113C-4E52-A130-85B20D976583}"
EndProject
Project("{FAE04EC0-301F-11D3-BF4B-00C04F79EFBC}") = "ClassesAndObjects", "ClassesAndObjects\ClassesAndObjects.csproj", "{A1E222C1-3C17-438E-A328-388CAC65F4B2}"
EndProject
Project("{FAE04EC0-301F-11D3-BF4B-00C04F79EFBC}") = "dog-class", "dog-class\dog-class.csproj", "{2CA444B8-7544-4D06-A8FD-5526D3D5CA8B}"
EndProject
Project("{FAE04EC0-301F-11D3-BF4B-00C04F79EFBC}") = "02. Big Factorial - sept 21", "02. Big Factorial - sept 21\02. Big Factorial - sept 21.csproj", "{4A62802C-E52F-495D-9B2C-1A3B1A1E0E68}"
EndProject
Project("{FAE04EC0-301F-11D3-BF4B-00C04F79EFBC}") = "03. Songs - sept 21", "03. Songs - sept 21\03. Songs - sept 21.csproj", "{801EA2EF-FB8E-4471-B6F8-0780B6AF2B92}"
EndProject
Global
	GlobalSection(SolutionConfigurationPlatforms) = preSolution
		Debug|Any CPU = Debug|Any CPU
		Release|Any CPU = Release|Any CPU
	EndGlobalSection
	GlobalSection(ProjectConfigurationPlatforms) = postSolution
		{70BA73EB-113C-4E52-A130-85B20D976583}.Debug|Any CPU.ActiveCfg = Debug|Any CPU
		{70BA73EB-113C-4E52-A130-85B20D976583}.Debug|Any CPU.Build.0 = Debug|Any CPU
		{70BA73EB-113C-4E52-A130-85B20D976583}.Release|Any CPU.ActiveCfg = Release|Any CPU
		{70BA73EB-113C-4E52-A130-85B20D976583}.Release|Any CPU.Build.0 = Release|Any CPU
		{A1E222C1-3C17-438E-A328-388CAC65F4B2}.Debug|Any CPU.ActiveCfg = Debug|Any CPU
		{A1E222C1-3C17-438E-A328-388CAC65F4B2}.Debug|Any CPU.Build.0 = Debug|Any CPU
		{A1E222C1-3C17-438E-A328-388CAC65F4B2}.Release|Any CPU.ActiveCfg = Release|Any CPU
		{A1E222C1-3C17-438E-A328-388CAC65F4B2}.Release|Any CPU.Build.0 = Release|Any CPU
		{2CA444B8-7544-4D06-A8FD-5526D3D5CA8B}.Debug|Any CPU.ActiveCfg = Debug|Any CPU
		{2CA444B8-7544-4D06-A8FD-5526D3D5CA8B}.Debug|Any CPU.Build.0 = Debug|Any CPU
		{2CA444B8-7544-4D06-A8FD-5526D3D5CA8B}.Release|Any CPU.ActiveCfg = Release|Any CPU
		{2CA444B8-7544-4D06-A8FD-5526D3D5CA8B}.Release|Any CPU.Build.0 = Release|Any CPU
		{4A62802C-E52F-495D-9B2C-1A3B1A1E0E68}.Debug|Any CPU.ActiveCfg = Debug|Any CPU
		{4A62802C-E52F-495D-9B2C-1A3B1A1E0E68}.Debug|Any CPU.Build.0 = Debug|Any CPU
		{4A62802C-E52F-495D-9B2C-1A3B1A1E0E68}.Release|Any CPU.ActiveCfg = Release|Any CPU
		{4A62802C-E52F-495D-9B2C-1A3B1A1E0E68}.Release|Any CPU.Build.0 = Release|Any CPU
		{801EA2EF-FB8E-4471-B6F8-0780B6AF2B92}.Debug|Any CPU.ActiveCfg = Debug|Any CPU
		{801EA2EF-FB8E-4471-B6F8-0780B6AF2B92}.Debug|Any CPU.Build.0 = Debug|Any CPU
		{801EA2EF-FB8E-4471-B6F8-0780B6AF2B92}.Release|Any CPU.ActiveCfg = Release|Any CPU
		{801EA2EF-FB8E-4471-B6F8-0780B6AF2B92}.Release|Any CPU.Build.0 = Release|Any CPU
	EndGlobalSection
	GlobalSection(SolutionProperties) = preSolution
		HideSolutionNode = FALSE
	EndGlobalSection
	GlobalSection(ExtensibilityGlobals) = postSolution
		SolutionGuid = {A53F68E0-7CE4-477E-95FB-1C658D6BD08D}
	EndGlobalSection
EndGlobal
