
Microsoft Visual Studio Solution File, Format Version 12.00
# Visual Studio Version 17
VisualStudioVersion = 17.0.32112.339
MinimumVisualStudioVersion = 10.0.40219.1
Project("{9A19103F-16F7-4668-BE54-9A1E7A4F7556}") = "T01.Ranking", "T01.Ranking\T01.Ranking.csproj", "{DA3B9EF0-F17E-4A3C-9695-D00E8CC57D8A}"
EndProject
Project("{FAE04EC0-301F-11D3-BF4B-00C04F79EFBC}") = "T02.Judge", "T02.Judge\T02.Judge.csproj", "{87B62E94-52EA-47AD-B028-480B8DFC2C0D}"
EndProject
Global
	GlobalSection(SolutionConfigurationPlatforms) = preSolution
		Debug|Any CPU = Debug|Any CPU
		Release|Any CPU = Release|Any CPU
	EndGlobalSection
	GlobalSection(ProjectConfigurationPlatforms) = postSolution
		{DA3B9EF0-F17E-4A3C-9695-D00E8CC57D8A}.Debug|Any CPU.ActiveCfg = Debug|Any CPU
		{DA3B9EF0-F17E-4A3C-9695-D00E8CC57D8A}.Debug|Any CPU.Build.0 = Debug|Any CPU
		{DA3B9EF0-F17E-4A3C-9695-D00E8CC57D8A}.Release|Any CPU.ActiveCfg = Release|Any CPU
		{DA3B9EF0-F17E-4A3C-9695-D00E8CC57D8A}.Release|Any CPU.Build.0 = Release|Any CPU
		{87B62E94-52EA-47AD-B028-480B8DFC2C0D}.Debug|Any CPU.ActiveCfg = Debug|Any CPU
		{87B62E94-52EA-47AD-B028-480B8DFC2C0D}.Debug|Any CPU.Build.0 = Debug|Any CPU
		{87B62E94-52EA-47AD-B028-480B8DFC2C0D}.Release|Any CPU.ActiveCfg = Release|Any CPU
		{87B62E94-52EA-47AD-B028-480B8DFC2C0D}.Release|Any CPU.Build.0 = Release|Any CPU
	EndGlobalSection
	GlobalSection(SolutionProperties) = preSolution
		HideSolutionNode = FALSE
	EndGlobalSection
	GlobalSection(ExtensibilityGlobals) = postSolution
		SolutionGuid = {0A3199B9-2772-4D28-93C7-5F260089EB0C}
	EndGlobalSection
EndGlobal
