
Microsoft Visual Studio Solution File, Format Version 12.00
# Visual Studio Version 17
VisualStudioVersion = 17.0.32112.339
MinimumVisualStudioVersion = 10.0.40219.1
Project("{9A19103F-16F7-4668-BE54-9A1E7A4F7556}") = "T01.Furniture", "T01.Furniture\T01.Furniture.csproj", "{582F8928-AEA6-45FB-8B23-4B9D510103BB}"
EndProject
Project("{9A19103F-16F7-4668-BE54-9A1E7A4F7556}") = "T02.Race", "T02.Race\T02.Race.csproj", "{4969A3C3-20BC-47F7-8436-B39375E5DC33}"
EndProject
Project("{9A19103F-16F7-4668-BE54-9A1E7A4F7556}") = "T03.SoftUniBarIncome", "T03.SoftUniBarIncome\T03.SoftUniBarIncome.csproj", "{F95A8E22-895F-4DBB-A921-B054B9ADA431}"
EndProject
Project("{FAE04EC0-301F-11D3-BF4B-00C04F79EFBC}") = "T04.StarEnigma", "T04.StarEnigma\T04.StarEnigma.csproj", "{CF2B7D2E-F1AC-48FF-9576-9D80E18902DF}"
EndProject
Global
	GlobalSection(SolutionConfigurationPlatforms) = preSolution
		Debug|Any CPU = Debug|Any CPU
		Release|Any CPU = Release|Any CPU
	EndGlobalSection
	GlobalSection(ProjectConfigurationPlatforms) = postSolution
		{582F8928-AEA6-45FB-8B23-4B9D510103BB}.Debug|Any CPU.ActiveCfg = Debug|Any CPU
		{582F8928-AEA6-45FB-8B23-4B9D510103BB}.Debug|Any CPU.Build.0 = Debug|Any CPU
		{582F8928-AEA6-45FB-8B23-4B9D510103BB}.Release|Any CPU.ActiveCfg = Release|Any CPU
		{582F8928-AEA6-45FB-8B23-4B9D510103BB}.Release|Any CPU.Build.0 = Release|Any CPU
		{4969A3C3-20BC-47F7-8436-B39375E5DC33}.Debug|Any CPU.ActiveCfg = Debug|Any CPU
		{4969A3C3-20BC-47F7-8436-B39375E5DC33}.Debug|Any CPU.Build.0 = Debug|Any CPU
		{4969A3C3-20BC-47F7-8436-B39375E5DC33}.Release|Any CPU.ActiveCfg = Release|Any CPU
		{4969A3C3-20BC-47F7-8436-B39375E5DC33}.Release|Any CPU.Build.0 = Release|Any CPU
		{F95A8E22-895F-4DBB-A921-B054B9ADA431}.Debug|Any CPU.ActiveCfg = Debug|Any CPU
		{F95A8E22-895F-4DBB-A921-B054B9ADA431}.Debug|Any CPU.Build.0 = Debug|Any CPU
		{F95A8E22-895F-4DBB-A921-B054B9ADA431}.Release|Any CPU.ActiveCfg = Release|Any CPU
		{F95A8E22-895F-4DBB-A921-B054B9ADA431}.Release|Any CPU.Build.0 = Release|Any CPU
		{CF2B7D2E-F1AC-48FF-9576-9D80E18902DF}.Debug|Any CPU.ActiveCfg = Debug|Any CPU
		{CF2B7D2E-F1AC-48FF-9576-9D80E18902DF}.Debug|Any CPU.Build.0 = Debug|Any CPU
		{CF2B7D2E-F1AC-48FF-9576-9D80E18902DF}.Release|Any CPU.ActiveCfg = Release|Any CPU
		{CF2B7D2E-F1AC-48FF-9576-9D80E18902DF}.Release|Any CPU.Build.0 = Release|Any CPU
	EndGlobalSection
	GlobalSection(SolutionProperties) = preSolution
		HideSolutionNode = FALSE
	EndGlobalSection
	GlobalSection(ExtensibilityGlobals) = postSolution
		SolutionGuid = {24543811-C82F-47FA-8489-5AA53EB111BC}
	EndGlobalSection
EndGlobal
