
Microsoft Visual Studio Solution File, Format Version 12.00
# Visual Studio Version 17
VisualStudioVersion = 17.0.32112.339
MinimumVisualStudioVersion = 10.0.40219.1
Project("{9A19103F-16F7-4668-BE54-9A1E7A4F7556}") = "T01.ValidUsernames", "T01.ValidUsernames\T01.ValidUsernames.csproj", "{C5A284AF-05B9-4BFA-9064-F1B4AA17FE87}"
EndProject
Project("{9A19103F-16F7-4668-BE54-9A1E7A4F7556}") = "T02.CharacterMultiplier", "T02.CharacterMultiplier\T02.CharacterMultiplier.csproj", "{8956FA9F-0768-41A0-B2A5-AB22D081230F}"
EndProject
Project("{FAE04EC0-301F-11D3-BF4B-00C04F79EFBC}") = "T03.ExtractFile", "T03.ExtractFile\T03.ExtractFile.csproj", "{DA8456AB-33AB-4186-86AA-24D283A034C3}"
EndProject
Project("{FAE04EC0-301F-11D3-BF4B-00C04F79EFBC}") = "T04.CaesarCipher", "T04.CaesarCipher\T04.CaesarCipher.csproj", "{45F83657-C15E-4772-902E-E7C842794F79}"
EndProject
Project("{FAE04EC0-301F-11D3-BF4B-00C04F79EFBC}") = "T05.MultiplyBigNumber", "T05.MultiplyBigNumber\T05.MultiplyBigNumber.csproj", "{DCF88558-5099-45A3-9F6F-4CE57A9C50CE}"
EndProject
Project("{FAE04EC0-301F-11D3-BF4B-00C04F79EFBC}") = "T06.ReplaceRepeatingChars", "T06.ReplaceRepeatingChars\T06.ReplaceRepeatingChars.csproj", "{4F0316FE-DF06-41D0-A916-B94E04D265A3}"
EndProject
Global
	GlobalSection(SolutionConfigurationPlatforms) = preSolution
		Debug|Any CPU = Debug|Any CPU
		Release|Any CPU = Release|Any CPU
	EndGlobalSection
	GlobalSection(ProjectConfigurationPlatforms) = postSolution
		{C5A284AF-05B9-4BFA-9064-F1B4AA17FE87}.Debug|Any CPU.ActiveCfg = Debug|Any CPU
		{C5A284AF-05B9-4BFA-9064-F1B4AA17FE87}.Debug|Any CPU.Build.0 = Debug|Any CPU
		{C5A284AF-05B9-4BFA-9064-F1B4AA17FE87}.Release|Any CPU.ActiveCfg = Release|Any CPU
		{C5A284AF-05B9-4BFA-9064-F1B4AA17FE87}.Release|Any CPU.Build.0 = Release|Any CPU
		{8956FA9F-0768-41A0-B2A5-AB22D081230F}.Debug|Any CPU.ActiveCfg = Debug|Any CPU
		{8956FA9F-0768-41A0-B2A5-AB22D081230F}.Debug|Any CPU.Build.0 = Debug|Any CPU
		{8956FA9F-0768-41A0-B2A5-AB22D081230F}.Release|Any CPU.ActiveCfg = Release|Any CPU
		{8956FA9F-0768-41A0-B2A5-AB22D081230F}.Release|Any CPU.Build.0 = Release|Any CPU
		{DA8456AB-33AB-4186-86AA-24D283A034C3}.Debug|Any CPU.ActiveCfg = Debug|Any CPU
		{DA8456AB-33AB-4186-86AA-24D283A034C3}.Debug|Any CPU.Build.0 = Debug|Any CPU
		{DA8456AB-33AB-4186-86AA-24D283A034C3}.Release|Any CPU.ActiveCfg = Release|Any CPU
		{DA8456AB-33AB-4186-86AA-24D283A034C3}.Release|Any CPU.Build.0 = Release|Any CPU
		{45F83657-C15E-4772-902E-E7C842794F79}.Debug|Any CPU.ActiveCfg = Debug|Any CPU
		{45F83657-C15E-4772-902E-E7C842794F79}.Debug|Any CPU.Build.0 = Debug|Any CPU
		{45F83657-C15E-4772-902E-E7C842794F79}.Release|Any CPU.ActiveCfg = Release|Any CPU
		{45F83657-C15E-4772-902E-E7C842794F79}.Release|Any CPU.Build.0 = Release|Any CPU
		{DCF88558-5099-45A3-9F6F-4CE57A9C50CE}.Debug|Any CPU.ActiveCfg = Debug|Any CPU
		{DCF88558-5099-45A3-9F6F-4CE57A9C50CE}.Debug|Any CPU.Build.0 = Debug|Any CPU
		{DCF88558-5099-45A3-9F6F-4CE57A9C50CE}.Release|Any CPU.ActiveCfg = Release|Any CPU
		{DCF88558-5099-45A3-9F6F-4CE57A9C50CE}.Release|Any CPU.Build.0 = Release|Any CPU
		{4F0316FE-DF06-41D0-A916-B94E04D265A3}.Debug|Any CPU.ActiveCfg = Debug|Any CPU
		{4F0316FE-DF06-41D0-A916-B94E04D265A3}.Debug|Any CPU.Build.0 = Debug|Any CPU
		{4F0316FE-DF06-41D0-A916-B94E04D265A3}.Release|Any CPU.ActiveCfg = Release|Any CPU
		{4F0316FE-DF06-41D0-A916-B94E04D265A3}.Release|Any CPU.Build.0 = Release|Any CPU
	EndGlobalSection
	GlobalSection(SolutionProperties) = preSolution
		HideSolutionNode = FALSE
	EndGlobalSection
	GlobalSection(ExtensibilityGlobals) = postSolution
		SolutionGuid = {669BAA62-F04E-47C3-8247-BB300CCF42F0}
	EndGlobalSection
EndGlobal
