
Microsoft Visual Studio Solution File, Format Version 12.00
# Visual Studio Version 17
VisualStudioVersion = 17.1.32319.34
MinimumVisualStudioVersion = 10.0.40219.1
Project("{9A19103F-16F7-4668-BE54-9A1E7A4F7556}") = "T01.OddLines", "T01.OddLines\T01.OddLines.csproj", "{5CDD145D-4E98-4A2D-9873-8E374250E223}"
EndProject
Project("{9A19103F-16F7-4668-BE54-9A1E7A4F7556}") = "T02.LineNumbers", "T02.LineNumbers\T02.LineNumbers.csproj", "{6218C246-6A52-4490-AEAF-7E4455B33947}"
EndProject
Project("{9A19103F-16F7-4668-BE54-9A1E7A4F7556}") = "T03.WordCount", "T03.WordCount\T03.WordCount.csproj", "{344B320F-9813-4D32-BE53-BC53276A9740}"
EndProject
Project("{9A19103F-16F7-4668-BE54-9A1E7A4F7556}") = "T04.MergeTextFiles", "T04.MergeTextFiles\T04.MergeTextFiles.csproj", "{5940C1E9-425A-4DE8-AD5C-F8FF84852D73}"
EndProject
Project("{FAE04EC0-301F-11D3-BF4B-00C04F79EFBC}") = "T05.ExtractSpecialBytes", "T05.ExtractSpecialBytes\T05.ExtractSpecialBytes.csproj", "{CFE5FF17-B245-42C9-AE13-FFA8C86EFDE2}"
EndProject
Project("{FAE04EC0-301F-11D3-BF4B-00C04F79EFBC}") = "T06.Split,MergeBinaryFiles", "T06.Split,MergeBinaryFiles\T06.Split,MergeBinaryFiles.csproj", "{BB13206B-21EA-4841-A98F-786F864BD716}"
EndProject
Project("{FAE04EC0-301F-11D3-BF4B-00C04F79EFBC}") = "T07.FolderSize", "T07.FolderSize\T07.FolderSize.csproj", "{F07ED63E-6CC7-4F93-8DF3-6C07B92E07A6}"
EndProject
Global
	GlobalSection(SolutionConfigurationPlatforms) = preSolution
		Debug|Any CPU = Debug|Any CPU
		Release|Any CPU = Release|Any CPU
	EndGlobalSection
	GlobalSection(ProjectConfigurationPlatforms) = postSolution
		{5CDD145D-4E98-4A2D-9873-8E374250E223}.Debug|Any CPU.ActiveCfg = Debug|Any CPU
		{5CDD145D-4E98-4A2D-9873-8E374250E223}.Debug|Any CPU.Build.0 = Debug|Any CPU
		{5CDD145D-4E98-4A2D-9873-8E374250E223}.Release|Any CPU.ActiveCfg = Release|Any CPU
		{5CDD145D-4E98-4A2D-9873-8E374250E223}.Release|Any CPU.Build.0 = Release|Any CPU
		{6218C246-6A52-4490-AEAF-7E4455B33947}.Debug|Any CPU.ActiveCfg = Debug|Any CPU
		{6218C246-6A52-4490-AEAF-7E4455B33947}.Debug|Any CPU.Build.0 = Debug|Any CPU
		{6218C246-6A52-4490-AEAF-7E4455B33947}.Release|Any CPU.ActiveCfg = Release|Any CPU
		{6218C246-6A52-4490-AEAF-7E4455B33947}.Release|Any CPU.Build.0 = Release|Any CPU
		{344B320F-9813-4D32-BE53-BC53276A9740}.Debug|Any CPU.ActiveCfg = Debug|Any CPU
		{344B320F-9813-4D32-BE53-BC53276A9740}.Debug|Any CPU.Build.0 = Debug|Any CPU
		{344B320F-9813-4D32-BE53-BC53276A9740}.Release|Any CPU.ActiveCfg = Release|Any CPU
		{344B320F-9813-4D32-BE53-BC53276A9740}.Release|Any CPU.Build.0 = Release|Any CPU
		{5940C1E9-425A-4DE8-AD5C-F8FF84852D73}.Debug|Any CPU.ActiveCfg = Debug|Any CPU
		{5940C1E9-425A-4DE8-AD5C-F8FF84852D73}.Debug|Any CPU.Build.0 = Debug|Any CPU
		{5940C1E9-425A-4DE8-AD5C-F8FF84852D73}.Release|Any CPU.ActiveCfg = Release|Any CPU
		{5940C1E9-425A-4DE8-AD5C-F8FF84852D73}.Release|Any CPU.Build.0 = Release|Any CPU
		{CFE5FF17-B245-42C9-AE13-FFA8C86EFDE2}.Debug|Any CPU.ActiveCfg = Debug|Any CPU
		{CFE5FF17-B245-42C9-AE13-FFA8C86EFDE2}.Debug|Any CPU.Build.0 = Debug|Any CPU
		{CFE5FF17-B245-42C9-AE13-FFA8C86EFDE2}.Release|Any CPU.ActiveCfg = Release|Any CPU
		{CFE5FF17-B245-42C9-AE13-FFA8C86EFDE2}.Release|Any CPU.Build.0 = Release|Any CPU
		{BB13206B-21EA-4841-A98F-786F864BD716}.Debug|Any CPU.ActiveCfg = Debug|Any CPU
		{BB13206B-21EA-4841-A98F-786F864BD716}.Debug|Any CPU.Build.0 = Debug|Any CPU
		{BB13206B-21EA-4841-A98F-786F864BD716}.Release|Any CPU.ActiveCfg = Release|Any CPU
		{BB13206B-21EA-4841-A98F-786F864BD716}.Release|Any CPU.Build.0 = Release|Any CPU
		{F07ED63E-6CC7-4F93-8DF3-6C07B92E07A6}.Debug|Any CPU.ActiveCfg = Debug|Any CPU
		{F07ED63E-6CC7-4F93-8DF3-6C07B92E07A6}.Debug|Any CPU.Build.0 = Debug|Any CPU
		{F07ED63E-6CC7-4F93-8DF3-6C07B92E07A6}.Release|Any CPU.ActiveCfg = Release|Any CPU
		{F07ED63E-6CC7-4F93-8DF3-6C07B92E07A6}.Release|Any CPU.Build.0 = Release|Any CPU
	EndGlobalSection
	GlobalSection(SolutionProperties) = preSolution
		HideSolutionNode = FALSE
	EndGlobalSection
	GlobalSection(ExtensibilityGlobals) = postSolution
		SolutionGuid = {BEBF9AE8-2CD1-40E6-9CA0-8FEEEF4E913C}
	EndGlobalSection
EndGlobal
