
Microsoft Visual Studio Solution File, Format Version 12.00
# Visual Studio Version 17
VisualStudioVersion = 17.6.33723.286
MinimumVisualStudioVersion = 10.0.40219.1
Project("{9A19103F-16F7-4668-BE54-9A1E7A4F7556}") = "T01ConnectedComponents", "T01ConnectedComponents\T01ConnectedComponents.csproj", "{1D4DF458-CF0A-4480-8E23-CAB6453020AA}"
EndProject
Project("{FAE04EC0-301F-11D3-BF4B-00C04F79EFBC}") = "T02TopologicalSorting", "T02TopologicalSorting\T02TopologicalSorting.csproj", "{A009833D-2768-4DF5-8924-8FB6760FFDE8}"
EndProject
Project("{FAE04EC0-301F-11D3-BF4B-00C04F79EFBC}") = "T03ShortestPath", "T03ShortestPath\T03ShortestPath.csproj", "{395E6AD8-A8FB-4F46-8DF5-B50E8C4A01E4}"
EndProject
Global
	GlobalSection(SolutionConfigurationPlatforms) = preSolution
		Debug|Any CPU = Debug|Any CPU
		Release|Any CPU = Release|Any CPU
	EndGlobalSection
	GlobalSection(ProjectConfigurationPlatforms) = postSolution
		{1D4DF458-CF0A-4480-8E23-CAB6453020AA}.Debug|Any CPU.ActiveCfg = Debug|Any CPU
		{1D4DF458-CF0A-4480-8E23-CAB6453020AA}.Debug|Any CPU.Build.0 = Debug|Any CPU
		{1D4DF458-CF0A-4480-8E23-CAB6453020AA}.Release|Any CPU.ActiveCfg = Release|Any CPU
		{1D4DF458-CF0A-4480-8E23-CAB6453020AA}.Release|Any CPU.Build.0 = Release|Any CPU
		{A009833D-2768-4DF5-8924-8FB6760FFDE8}.Debug|Any CPU.ActiveCfg = Debug|Any CPU
		{A009833D-2768-4DF5-8924-8FB6760FFDE8}.Debug|Any CPU.Build.0 = Debug|Any CPU
		{A009833D-2768-4DF5-8924-8FB6760FFDE8}.Release|Any CPU.ActiveCfg = Release|Any CPU
		{A009833D-2768-4DF5-8924-8FB6760FFDE8}.Release|Any CPU.Build.0 = Release|Any CPU
		{395E6AD8-A8FB-4F46-8DF5-B50E8C4A01E4}.Debug|Any CPU.ActiveCfg = Debug|Any CPU
		{395E6AD8-A8FB-4F46-8DF5-B50E8C4A01E4}.Debug|Any CPU.Build.0 = Debug|Any CPU
		{395E6AD8-A8FB-4F46-8DF5-B50E8C4A01E4}.Release|Any CPU.ActiveCfg = Release|Any CPU
		{395E6AD8-A8FB-4F46-8DF5-B50E8C4A01E4}.Release|Any CPU.Build.0 = Release|Any CPU
	EndGlobalSection
	GlobalSection(SolutionProperties) = preSolution
		HideSolutionNode = FALSE
	EndGlobalSection
	GlobalSection(ExtensibilityGlobals) = postSolution
		SolutionGuid = {C7188793-9E2F-4955-85B3-208736C58D25}
	EndGlobalSection
EndGlobal
