
Microsoft Visual Studio Solution File, Format Version 12.00
# Visual Studio Version 17
VisualStudioVersion = 17.1.32319.34
MinimumVisualStudioVersion = 10.0.40219.1
Project("{9A19103F-16F7-4668-BE54-9A1E7A4F7556}") = "T01.Blacksmith", "T01.Blacksmith\T01.Blacksmith.csproj", "{451E3729-EA98-4A7A-A233-A43222A7A8DB}"
EndProject
Project("{FAE04EC0-301F-11D3-BF4B-00C04F79EFBC}") = "T02.Armory", "T02.Armory\T02.Armory.csproj", "{458E0002-CDBD-4BAB-B0D9-9E5C804C2891}"
EndProject
Project("{FAE04EC0-301F-11D3-BF4B-00C04F79EFBC}") = "T03.Drones", "T03.Drones\T03.Drones.csproj", "{C80F298B-5CB1-441A-AC98-45547CFDFD0A}"
EndProject
Global
	GlobalSection(SolutionConfigurationPlatforms) = preSolution
		Debug|Any CPU = Debug|Any CPU
		Release|Any CPU = Release|Any CPU
	EndGlobalSection
	GlobalSection(ProjectConfigurationPlatforms) = postSolution
		{451E3729-EA98-4A7A-A233-A43222A7A8DB}.Debug|Any CPU.ActiveCfg = Debug|Any CPU
		{451E3729-EA98-4A7A-A233-A43222A7A8DB}.Debug|Any CPU.Build.0 = Debug|Any CPU
		{451E3729-EA98-4A7A-A233-A43222A7A8DB}.Release|Any CPU.ActiveCfg = Release|Any CPU
		{451E3729-EA98-4A7A-A233-A43222A7A8DB}.Release|Any CPU.Build.0 = Release|Any CPU
		{458E0002-CDBD-4BAB-B0D9-9E5C804C2891}.Debug|Any CPU.ActiveCfg = Debug|Any CPU
		{458E0002-CDBD-4BAB-B0D9-9E5C804C2891}.Debug|Any CPU.Build.0 = Debug|Any CPU
		{458E0002-CDBD-4BAB-B0D9-9E5C804C2891}.Release|Any CPU.ActiveCfg = Release|Any CPU
		{458E0002-CDBD-4BAB-B0D9-9E5C804C2891}.Release|Any CPU.Build.0 = Release|Any CPU
		{C80F298B-5CB1-441A-AC98-45547CFDFD0A}.Debug|Any CPU.ActiveCfg = Debug|Any CPU
		{C80F298B-5CB1-441A-AC98-45547CFDFD0A}.Debug|Any CPU.Build.0 = Debug|Any CPU
		{C80F298B-5CB1-441A-AC98-45547CFDFD0A}.Release|Any CPU.ActiveCfg = Release|Any CPU
		{C80F298B-5CB1-441A-AC98-45547CFDFD0A}.Release|Any CPU.Build.0 = Release|Any CPU
	EndGlobalSection
	GlobalSection(SolutionProperties) = preSolution
		HideSolutionNode = FALSE
	EndGlobalSection
	GlobalSection(ExtensibilityGlobals) = postSolution
		SolutionGuid = {6D52A4B7-0EAC-459D-A8A5-1D1F4492DBBD}
	EndGlobalSection
EndGlobal
