
Microsoft Visual Studio Solution File, Format Version 12.00
# Visual Studio Version 17
VisualStudioVersion = 17.1.32319.34
MinimumVisualStudioVersion = 10.0.40219.1
Project("{9A19103F-16F7-4668-BE54-9A1E7A4F7556}") = "IteratorsAndComparators", "IteratorsAndComparators.csproj", "{40873CFF-442E-4F1B-9005-4F52B2C4E40E}"
EndProject
Project("{FAE04EC0-301F-11D3-BF4B-00C04F79EFBC}") = "T02.LibraryIterator", "..\T02.LibraryIterator\T02.LibraryIterator.csproj", "{5D38F188-D3B0-4F9E-A897-87708B7DB672}"
EndProject
Project("{FAE04EC0-301F-11D3-BF4B-00C04F79EFBC}") = "T03.ComparableBook", "..\T03.ComparableBook\T03.ComparableBook.csproj", "{11FABBAF-197B-42AC-8D31-54FBC7537150}"
EndProject
Global
	GlobalSection(SolutionConfigurationPlatforms) = preSolution
		Debug|Any CPU = Debug|Any CPU
		Release|Any CPU = Release|Any CPU
	EndGlobalSection
	GlobalSection(ProjectConfigurationPlatforms) = postSolution
		{40873CFF-442E-4F1B-9005-4F52B2C4E40E}.Debug|Any CPU.ActiveCfg = Debug|Any CPU
		{40873CFF-442E-4F1B-9005-4F52B2C4E40E}.Debug|Any CPU.Build.0 = Debug|Any CPU
		{40873CFF-442E-4F1B-9005-4F52B2C4E40E}.Release|Any CPU.ActiveCfg = Release|Any CPU
		{40873CFF-442E-4F1B-9005-4F52B2C4E40E}.Release|Any CPU.Build.0 = Release|Any CPU
		{5D38F188-D3B0-4F9E-A897-87708B7DB672}.Debug|Any CPU.ActiveCfg = Debug|Any CPU
		{5D38F188-D3B0-4F9E-A897-87708B7DB672}.Debug|Any CPU.Build.0 = Debug|Any CPU
		{5D38F188-D3B0-4F9E-A897-87708B7DB672}.Release|Any CPU.ActiveCfg = Release|Any CPU
		{5D38F188-D3B0-4F9E-A897-87708B7DB672}.Release|Any CPU.Build.0 = Release|Any CPU
		{11FABBAF-197B-42AC-8D31-54FBC7537150}.Debug|Any CPU.ActiveCfg = Debug|Any CPU
		{11FABBAF-197B-42AC-8D31-54FBC7537150}.Debug|Any CPU.Build.0 = Debug|Any CPU
		{11FABBAF-197B-42AC-8D31-54FBC7537150}.Release|Any CPU.ActiveCfg = Release|Any CPU
		{11FABBAF-197B-42AC-8D31-54FBC7537150}.Release|Any CPU.Build.0 = Release|Any CPU
	EndGlobalSection
	GlobalSection(SolutionProperties) = preSolution
		HideSolutionNode = FALSE
	EndGlobalSection
	GlobalSection(ExtensibilityGlobals) = postSolution
		SolutionGuid = {D09413F0-2FBC-4C56-8A1B-067724957536}
	EndGlobalSection
EndGlobal
