
Microsoft Visual Studio Solution File, Format Version 12.00
# Visual Studio Version 17
VisualStudioVersion = 17.6.33723.286
MinimumVisualStudioVersion = 10.0.40219.1
Project("{FAE04EC0-301F-11D3-BF4B-00C04F79EFBC}") = "TaskBoardApp", "TaskBoardApp\TaskBoardApp.csproj", "{C21849BC-3DE8-40D6-8DD6-5F4CDFDF0A02}"
EndProject
Project("{FAE04EC0-301F-11D3-BF4B-00C04F79EFBC}") = "TaskBoardApp.Data", "TaskBoardApp.Data\TaskBoardApp.Data.csproj", "{061C7477-307E-464E-B43E-18F7E48F2DEB}"
EndProject
Project("{FAE04EC0-301F-11D3-BF4B-00C04F79EFBC}") = "TaskBoardApp.Web.ViewModels", "TaskBoardApp.Web.ViewModels\TaskBoardApp.Web.ViewModels.csproj", "{981201BA-9AF3-42D6-A6A7-6B8B6C7B5747}"
EndProject
Global
	GlobalSection(SolutionConfigurationPlatforms) = preSolution
		Debug|Any CPU = Debug|Any CPU
		Release|Any CPU = Release|Any CPU
	EndGlobalSection
	GlobalSection(ProjectConfigurationPlatforms) = postSolution
		{C21849BC-3DE8-40D6-8DD6-5F4CDFDF0A02}.Debug|Any CPU.ActiveCfg = Debug|Any CPU
		{C21849BC-3DE8-40D6-8DD6-5F4CDFDF0A02}.Debug|Any CPU.Build.0 = Debug|Any CPU
		{C21849BC-3DE8-40D6-8DD6-5F4CDFDF0A02}.Release|Any CPU.ActiveCfg = Release|Any CPU
		{C21849BC-3DE8-40D6-8DD6-5F4CDFDF0A02}.Release|Any CPU.Build.0 = Release|Any CPU
		{061C7477-307E-464E-B43E-18F7E48F2DEB}.Debug|Any CPU.ActiveCfg = Debug|Any CPU
		{061C7477-307E-464E-B43E-18F7E48F2DEB}.Debug|Any CPU.Build.0 = Debug|Any CPU
		{061C7477-307E-464E-B43E-18F7E48F2DEB}.Release|Any CPU.ActiveCfg = Release|Any CPU
		{061C7477-307E-464E-B43E-18F7E48F2DEB}.Release|Any CPU.Build.0 = Release|Any CPU
		{981201BA-9AF3-42D6-A6A7-6B8B6C7B5747}.Debug|Any CPU.ActiveCfg = Debug|Any CPU
		{981201BA-9AF3-42D6-A6A7-6B8B6C7B5747}.Debug|Any CPU.Build.0 = Debug|Any CPU
		{981201BA-9AF3-42D6-A6A7-6B8B6C7B5747}.Release|Any CPU.ActiveCfg = Release|Any CPU
		{981201BA-9AF3-42D6-A6A7-6B8B6C7B5747}.Release|Any CPU.Build.0 = Release|Any CPU
	EndGlobalSection
	GlobalSection(SolutionProperties) = preSolution
		HideSolutionNode = FALSE
	EndGlobalSection
	GlobalSection(ExtensibilityGlobals) = postSolution
		SolutionGuid = {ABC5D0AF-9780-472F-A1B0-0ECAA9F6F26A}
	EndGlobalSection
EndGlobal
