
Microsoft Visual Studio Solution File, Format Version 12.00
# Visual Studio Version 17
VisualStudioVersion = 17.1.32319.34
MinimumVisualStudioVersion = 10.0.40219.1
Project("{9A19103F-16F7-4668-BE54-9A1E7A4F7556}") = "T01.DefineaClassPerson", "T01.DefineaClassPerson\T01.DefineaClassPerson.csproj", "{3A2B6240-BF40-439E-AF5F-D9E6C6351D93}"
EndProject
Project("{9A19103F-16F7-4668-BE54-9A1E7A4F7556}") = "T02.CreatingConstructors", "T02.CreatingConstructors\T02.CreatingConstructors.csproj", "{59C9176F-5FC7-4B91-906D-E57451B9C85E}"
EndProject
Project("{9A19103F-16F7-4668-BE54-9A1E7A4F7556}") = "T03.OldestFamilyMember", "T03.OldestFamilyMember\T03.OldestFamilyMember.csproj", "{D0B5285A-F271-4254-AFE2-0C4736CC64BA}"
EndProject
Project("{9A19103F-16F7-4668-BE54-9A1E7A4F7556}") = "T04.OpinionPoll", "T04.OpinionPoll\T04.OpinionPoll.csproj", "{EAAB8F3D-7203-4DEF-8431-87290DA1E6FC}"
EndProject
Project("{9A19103F-16F7-4668-BE54-9A1E7A4F7556}") = "T05.DateModifier", "T05.DateModifier\T05.DateModifier.csproj", "{589A65DB-9327-4E15-AC14-EFA354CFB20A}"
EndProject
Project("{9A19103F-16F7-4668-BE54-9A1E7A4F7556}") = "T06.SpeedRacing", "T06.SpeedRacing\T06.SpeedRacing.csproj", "{927A93B2-9A10-4DD1-BD98-EEA4E88DF0E7}"
EndProject
Project("{9A19103F-16F7-4668-BE54-9A1E7A4F7556}") = "T07.RawData", "T07.RawData\T07.RawData.csproj", "{EA77F3F1-77D2-4283-BD4A-C03BC6AAB995}"
EndProject
Project("{9A19103F-16F7-4668-BE54-9A1E7A4F7556}") = "T08.CarSalesman", "T08.CarSalesman\T08.CarSalesman.csproj", "{88FD673A-6C3C-47A4-8B23-79CEF3109B38}"
EndProject
Project("{9A19103F-16F7-4668-BE54-9A1E7A4F7556}") = "T09.PokemonTrainer", "T09.PokemonTrainer\T09.PokemonTrainer.csproj", "{718747D4-6E96-47DB-92CE-9B111BABE068}"
EndProject
Project("{9A19103F-16F7-4668-BE54-9A1E7A4F7556}") = "SoftUniParking", "SoftUniParking\SoftUniParking.csproj", "{4896500B-8AB8-4BA2-936C-1718E7C52034}"
EndProject
Global
	GlobalSection(SolutionConfigurationPlatforms) = preSolution
		Debug|Any CPU = Debug|Any CPU
		Release|Any CPU = Release|Any CPU
	EndGlobalSection
	GlobalSection(ProjectConfigurationPlatforms) = postSolution
		{3A2B6240-BF40-439E-AF5F-D9E6C6351D93}.Debug|Any CPU.ActiveCfg = Debug|Any CPU
		{3A2B6240-BF40-439E-AF5F-D9E6C6351D93}.Debug|Any CPU.Build.0 = Debug|Any CPU
		{3A2B6240-BF40-439E-AF5F-D9E6C6351D93}.Release|Any CPU.ActiveCfg = Release|Any CPU
		{3A2B6240-BF40-439E-AF5F-D9E6C6351D93}.Release|Any CPU.Build.0 = Release|Any CPU
		{59C9176F-5FC7-4B91-906D-E57451B9C85E}.Debug|Any CPU.ActiveCfg = Debug|Any CPU
		{59C9176F-5FC7-4B91-906D-E57451B9C85E}.Debug|Any CPU.Build.0 = Debug|Any CPU
		{59C9176F-5FC7-4B91-906D-E57451B9C85E}.Release|Any CPU.ActiveCfg = Release|Any CPU
		{59C9176F-5FC7-4B91-906D-E57451B9C85E}.Release|Any CPU.Build.0 = Release|Any CPU
		{D0B5285A-F271-4254-AFE2-0C4736CC64BA}.Debug|Any CPU.ActiveCfg = Debug|Any CPU
		{D0B5285A-F271-4254-AFE2-0C4736CC64BA}.Debug|Any CPU.Build.0 = Debug|Any CPU
		{D0B5285A-F271-4254-AFE2-0C4736CC64BA}.Release|Any CPU.ActiveCfg = Release|Any CPU
		{D0B5285A-F271-4254-AFE2-0C4736CC64BA}.Release|Any CPU.Build.0 = Release|Any CPU
		{EAAB8F3D-7203-4DEF-8431-87290DA1E6FC}.Debug|Any CPU.ActiveCfg = Debug|Any CPU
		{EAAB8F3D-7203-4DEF-8431-87290DA1E6FC}.Debug|Any CPU.Build.0 = Debug|Any CPU
		{EAAB8F3D-7203-4DEF-8431-87290DA1E6FC}.Release|Any CPU.ActiveCfg = Release|Any CPU
		{EAAB8F3D-7203-4DEF-8431-87290DA1E6FC}.Release|Any CPU.Build.0 = Release|Any CPU
		{589A65DB-9327-4E15-AC14-EFA354CFB20A}.Debug|Any CPU.ActiveCfg = Debug|Any CPU
		{589A65DB-9327-4E15-AC14-EFA354CFB20A}.Debug|Any CPU.Build.0 = Debug|Any CPU
		{589A65DB-9327-4E15-AC14-EFA354CFB20A}.Release|Any CPU.ActiveCfg = Release|Any CPU
		{589A65DB-9327-4E15-AC14-EFA354CFB20A}.Release|Any CPU.Build.0 = Release|Any CPU
		{927A93B2-9A10-4DD1-BD98-EEA4E88DF0E7}.Debug|Any CPU.ActiveCfg = Debug|Any CPU
		{927A93B2-9A10-4DD1-BD98-EEA4E88DF0E7}.Debug|Any CPU.Build.0 = Debug|Any CPU
		{927A93B2-9A10-4DD1-BD98-EEA4E88DF0E7}.Release|Any CPU.ActiveCfg = Release|Any CPU
		{927A93B2-9A10-4DD1-BD98-EEA4E88DF0E7}.Release|Any CPU.Build.0 = Release|Any CPU
		{EA77F3F1-77D2-4283-BD4A-C03BC6AAB995}.Debug|Any CPU.ActiveCfg = Debug|Any CPU
		{EA77F3F1-77D2-4283-BD4A-C03BC6AAB995}.Debug|Any CPU.Build.0 = Debug|Any CPU
		{EA77F3F1-77D2-4283-BD4A-C03BC6AAB995}.Release|Any CPU.ActiveCfg = Release|Any CPU
		{EA77F3F1-77D2-4283-BD4A-C03BC6AAB995}.Release|Any CPU.Build.0 = Release|Any CPU
		{88FD673A-6C3C-47A4-8B23-79CEF3109B38}.Debug|Any CPU.ActiveCfg = Debug|Any CPU
		{88FD673A-6C3C-47A4-8B23-79CEF3109B38}.Debug|Any CPU.Build.0 = Debug|Any CPU
		{88FD673A-6C3C-47A4-8B23-79CEF3109B38}.Release|Any CPU.ActiveCfg = Release|Any CPU
		{88FD673A-6C3C-47A4-8B23-79CEF3109B38}.Release|Any CPU.Build.0 = Release|Any CPU
		{718747D4-6E96-47DB-92CE-9B111BABE068}.Debug|Any CPU.ActiveCfg = Debug|Any CPU
		{718747D4-6E96-47DB-92CE-9B111BABE068}.Debug|Any CPU.Build.0 = Debug|Any CPU
		{718747D4-6E96-47DB-92CE-9B111BABE068}.Release|Any CPU.ActiveCfg = Release|Any CPU
		{718747D4-6E96-47DB-92CE-9B111BABE068}.Release|Any CPU.Build.0 = Release|Any CPU
		{4896500B-8AB8-4BA2-936C-1718E7C52034}.Debug|Any CPU.ActiveCfg = Debug|Any CPU
		{4896500B-8AB8-4BA2-936C-1718E7C52034}.Debug|Any CPU.Build.0 = Debug|Any CPU
		{4896500B-8AB8-4BA2-936C-1718E7C52034}.Release|Any CPU.ActiveCfg = Release|Any CPU
		{4896500B-8AB8-4BA2-936C-1718E7C52034}.Release|Any CPU.Build.0 = Release|Any CPU
	EndGlobalSection
	GlobalSection(SolutionProperties) = preSolution
		HideSolutionNode = FALSE
	EndGlobalSection
	GlobalSection(ExtensibilityGlobals) = postSolution
		SolutionGuid = {05A5A063-6435-4121-9BE4-AD3EF4CE56F9}
	EndGlobalSection
EndGlobal
